
Microsoft Visual Studio Solution File, Format Version 12.00
# Visual Studio Version 16
VisualStudioVersion = 16.0.31911.196
MinimumVisualStudioVersion = 10.0.40219.1
Project("{FAE04EC0-301F-11D3-BF4B-00C04F79EFBC}") = "FilmesAPIs", "FilmesAPIs.csproj", "{2FD9DBE9-D778-4C5E-A190-33AA5A41F2BA}"
EndProject
Global
	GlobalSection(SolutionConfigurationPlatforms) = preSolution
		Debug|Any CPU = Debug|Any CPU
		Release|Any CPU = Release|Any CPU
	EndGlobalSection
	GlobalSection(ProjectConfigurationPlatforms) = postSolution
		{2FD9DBE9-D778-4C5E-A190-33AA5A41F2BA}.Debug|Any CPU.ActiveCfg = Debug|Any CPU
		{2FD9DBE9-D778-4C5E-A190-33AA5A41F2BA}.Debug|Any CPU.Build.0 = Debug|Any CPU
		{2FD9DBE9-D778-4C5E-A190-33AA5A41F2BA}.Release|Any CPU.ActiveCfg = Release|Any CPU
		{2FD9DBE9-D778-4C5E-A190-33AA5A41F2BA}.Release|Any CPU.Build.0 = Release|Any CPU
	EndGlobalSection
	GlobalSection(SolutionProperties) = preSolution
		HideSolutionNode = FALSE
	EndGlobalSection
	GlobalSection(ExtensibilityGlobals) = postSolution
		SolutionGuid = {44EE0205-83F8-4509-8578-A196C965F3E3}
	EndGlobalSection
EndGlobal
